
Microsoft Visual Studio Solution File, Format Version 12.00
# Visual Studio Version 17
VisualStudioVersion = 17.11.35303.130
MinimumVisualStudioVersion = 10.0.40219.1
Project("{2150E333-8FDC-42A3-9474-1A3956D46DE8}") = "Solution Items", "Solution Items", "{01D95E05-6ECA-42AF-9C26-EE187E9BF7F3}"
	ProjectSection(SolutionItems) = preProject
		readme.md = readme.md
	EndProjectSection
EndProject
Project("{9A19103F-16F7-4668-BE54-9A1E7A4F7556}") = "CloudDatabases", "CloudDatabases\CloudDatabases.csproj", "{D9724C18-830E-4A68-BD79-92E468393D06}"
EndProject
Project("{9A19103F-16F7-4668-BE54-9A1E7A4F7556}") = "DAL", "DAL\DAL.csproj", "{2772E619-639B-4AF4-B786-603D43D7B811}"
EndProject
Project("{9A19103F-16F7-4668-BE54-9A1E7A4F7556}") = "Domain", "Domain\Domain.csproj", "{2B49E20C-947B-40B0-B6B9-6982AB0E8691}"
EndProject
Global
	GlobalSection(SolutionConfigurationPlatforms) = preSolution
		Debug|Any CPU = Debug|Any CPU
		Release|Any CPU = Release|Any CPU
	EndGlobalSection
	GlobalSection(ProjectConfigurationPlatforms) = postSolution
		{D9724C18-830E-4A68-BD79-92E468393D06}.Debug|Any CPU.ActiveCfg = Debug|Any CPU
		{D9724C18-830E-4A68-BD79-92E468393D06}.Debug|Any CPU.Build.0 = Debug|Any CPU
		{D9724C18-830E-4A68-BD79-92E468393D06}.Release|Any CPU.ActiveCfg = Release|Any CPU
		{D9724C18-830E-4A68-BD79-92E468393D06}.Release|Any CPU.Build.0 = Release|Any CPU
		{2772E619-639B-4AF4-B786-603D43D7B811}.Debug|Any CPU.ActiveCfg = Debug|Any CPU
		{2772E619-639B-4AF4-B786-603D43D7B811}.Debug|Any CPU.Build.0 = Debug|Any CPU
		{2772E619-639B-4AF4-B786-603D43D7B811}.Release|Any CPU.ActiveCfg = Release|Any CPU
		{2772E619-639B-4AF4-B786-603D43D7B811}.Release|Any CPU.Build.0 = Release|Any CPU
		{2B49E20C-947B-40B0-B6B9-6982AB0E8691}.Debug|Any CPU.ActiveCfg = Debug|Any CPU
		{2B49E20C-947B-40B0-B6B9-6982AB0E8691}.Debug|Any CPU.Build.0 = Debug|Any CPU
		{2B49E20C-947B-40B0-B6B9-6982AB0E8691}.Release|Any CPU.ActiveCfg = Release|Any CPU
		{2B49E20C-947B-40B0-B6B9-6982AB0E8691}.Release|Any CPU.Build.0 = Release|Any CPU
	EndGlobalSection
	GlobalSection(SolutionProperties) = preSolution
		HideSolutionNode = FALSE
	EndGlobalSection
	GlobalSection(ExtensibilityGlobals) = postSolution
		SolutionGuid = {571C396A-600A-48AF-BC21-E638434A4320}
	EndGlobalSection
EndGlobal
